// !$*UTF8*$!
{
	archiveVersion = 1;
	classes = {
	};
	objectVersion = 50;
	objects = {

/* Begin PBXBuildFile section */
		2874E7CB23506E5500042989 /* AppDelegate.m in Sources */ = {isa = PBXBuildFile; fileRef = 2874E7CA23506E5500042989 /* AppDelegate.m */; };
		2874E7CE23506E5500042989 /* SceneDelegate.m in Sources */ = {isa = PBXBuildFile; fileRef = 2874E7CD23506E5500042989 /* SceneDelegate.m */; };
		2874E7D123506E5500042989 /* ViewController.m in Sources */ = {isa = PBXBuildFile; fileRef = 2874E7D023506E5500042989 /* ViewController.m */; };
		2874E7D423506E5500042989 /* Main.storyboard in Resources */ = {isa = PBXBuildFile; fileRef = 2874E7D223506E5500042989 /* Main.storyboard */; };
		2874E7D623506E5600042989 /* Assets.xcassets in Resources */ = {isa = PBXBuildFile; fileRef = 2874E7D523506E5600042989 /* Assets.xcassets */; };
		2874E7D923506E5600042989 /* LaunchScreen.storyboard in Resources */ = {isa = PBXBuildFile; fileRef = 2874E7D723506E5600042989 /* LaunchScreen.storyboard */; };
		2874E7DC23506E5600042989 /* main.m in Sources */ = {isa = PBXBuildFile; fileRef = 2874E7DB23506E5600042989 /* main.m */; };
/* End PBXBuildFile section */

/* Begin PBXFileReference section */
		2874E7C623506E5500042989 /* view_button_click.app */ = {isa = PBXFileReference; explicitFileType = wrapper.application; includeInIndex = 0; path = view_button_click.app; sourceTree = BUILT_PRODUCTS_DIR; };
		2874E7C923506E5500042989 /* AppDelegate.h */ = {isa = PBXFileReference; lastKnownFileType = sourcecode.c.h; path = AppDelegate.h; sourceTree = "<group>"; };
		2874E7CA23506E5500042989 /* AppDelegate.m */ = {isa = PBXFileReference; lastKnownFileType = sourcecode.c.objc; path = AppDelegate.m; sourceTree = "<group>"; };
		2874E7CC23506E5500042989 /* SceneDelegate.h */ = {isa = PBXFileReference; lastKnownFileType = sourcecode.c.h; path = SceneDelegate.h; sourceTree = "<group>"; };
		2874E7CD23506E5500042989 /* SceneDelegate.m */ = {isa = PBXFileReference; lastKnownFileType = sourcecode.c.objc; path = SceneDelegate.m; sourceTree = "<group>"; };
		2874E7CF23506E5500042989 /* ViewController.h */ = {isa = PBXFileReference; lastKnownFileType = sourcecode.c.h; path = ViewController.h; sourceTree = "<group>"; };
		2874E7D023506E5500042989 /* ViewController.m */ = {isa = PBXFileReference; lastKnownFileType = sourcecode.c.objc; path = ViewController.m; sourceTree = "<group>"; };
		2874E7D323506E5500042989 /* Base */ = {isa = PBXFileReference; lastKnownFileType = file.storyboard; name = Base; path = Base.lproj/Main.storyboard; sourceTree = "<group>"; };
		2874E7D523506E5600042989 /* Assets.xcassets */ = {isa = PBXFileReference; lastKnownFileType = folder.assetcatalog; path = Assets.xcassets; sourceTree = "<group>"; };
		2874E7D823506E5600042989 /* Base */ = {isa = PBXFileReference; lastKnownFileType = file.storyboard; name = Base; path = Base.lproj/LaunchScreen.storyboard; sourceTree = "<group>"; };
		2874E7DA23506E5600042989 /* Info.plist */ = {isa = PBXFileReference; lastKnownFileType = text.plist.xml; path = Info.plist; sourceTree = "<group>"; };
		2874E7DB23506E5600042989 /* main.m */ = {isa = PBXFileReference; lastKnownFileType = sourcecode.c.objc; path = main.m; sourceTree = "<group>"; };
/* End PBXFileReference section */

/* Begin PBXFrameworksBuildPhase section */
		2874E7C323506E5500042989 /* Frameworks */ = {
			isa = PBXFrameworksBuildPhase;
			buildActionMask = 2147483647;
			files = (
			);
			runOnlyForDeploymentPostprocessing = 0;
		};
/* End PBXFrameworksBuildPhase section */

/* Begin PBXGroup section */
		2874E7BD23506E5500042989 = {
			isa = PBXGroup;
			children = (
				2874E7C823506E5500042989 /* view_button_click */,
				2874E7C723506E5500042989 /* Products */,
			);
			sourceTree = "<group>";
		};
		2874E7C723506E5500042989 /* Products */ = {
			isa = PBXGroup;
			children = (
				2874E7C623506E5500042989 /* view_button_click.app */,
			);
			name = Products;
			sourceTree = "<group>";
		};
		2874E7C823506E5500042989 /* view_button_click */ = {
			isa = PBXGroup;
			children = (
				2874E7C923506E5500042989 /* AppDelegate.h */,
				2874E7CA23506E5500042989 /* AppDelegate.m */,
				2874E7CC23506E5500042989 /* SceneDelegate.h */,
				2874E7CD23506E5500042989 /* SceneDelegate.m */,
				2874E7CF23506E5500042989 /* ViewController.h */,
				2874E7D023506E5500042989 /* ViewController.m */,
				2874E7D223506E5500042989 /* Main.storyboard */,
				2874E7D523506E5600042989 /* Assets.xcassets */,
				2874E7D723506E5600042989 /* LaunchScreen.storyboard */,
				2874E7DA23506E5600042989 /* Info.plist */,
				2874E7DB23506E5600042989 /* main.m */,
			);
			path = view_button_click;
			sourceTree = "<group>";
		};
/* End PBXGroup section */

/* Begin PBXNativeTarget section */
		2874E7C523506E5500042989 /* view_button_click */ = {
			isa = PBXNativeTarget;
			buildConfigurationList = 2874E7DF23506E5600042989 /* Build configuration list for PBXNativeTarget "view_button_click" */;
			buildPhases = (
				2874E7C223506E5500042989 /* Sources */,
				2874E7C323506E5500042989 /* Frameworks */,
				2874E7C423506E5500042989 /* Resources */,
			);
			buildRules = (
			);
			dependencies = (
			);
			name = view_button_click;
			productName = view_button_click;
			productReference = 2874E7C623506E5500042989 /* view_button_click.app */;
			productType = "com.apple.product-type.application";
		};
/* End PBXNativeTarget section */

/* Begin PBXProject section */
		2874E7BE23506E5500042989 /* Project object */ = {
			isa = PBXProject;
			attributes = {
				LastUpgradeCheck = 1100;
				ORGANIZATIONNAME = dyy;
				TargetAttributes = {
					2874E7C523506E5500042989 = {
						CreatedOnToolsVersion = 11.0;
					};
				};
			};
			buildConfigurationList = 2874E7C123506E5500042989 /* Build configuration list for PBXProject "view_button_click" */;
			compatibilityVersion = "Xcode 9.3";
			developmentRegion = en;
			hasScannedForEncodings = 0;
			knownRegions = (
				en,
				Base,
			);
			mainGroup = 2874E7BD23506E5500042989;
			productRefGroup = 2874E7C723506E5500042989 /* Products */;
			projectDirPath = "";
			projectRoot = "";
			targets = (
				2874E7C523506E5500042989 /* view_button_click */,
			);
		};
/* End PBXProject section */

/* Begin PBXResourcesBuildPhase section */
		2874E7C423506E5500042989 /* Resources */ = {
			isa = PBXResourcesBuildPhase;
			buildActionMask = 2147483647;
			files = (
				2874E7D923506E5600042989 /* LaunchScreen.storyboard in Resources */,
				2874E7D623506E5600042989 /* Assets.xcassets in Resources */,
				2874E7D423506E5500042989 /* Main.storyboard in Resources */,
			);
			runOnlyForDeploymentPostprocessing = 0;
		};
/* End PBXResourcesBuildPhase section */

/* Begin PBXSourcesBuildPhase section */
		2874E7C223506E5500042989 /* Sources */ = {
			isa = PBXSourcesBuildPhase;
			buildActionMask = 2147483647;
			files = (
				2874E7D123506E5500042989 /* ViewController.m in Sources */,
				2874E7CB23506E5500042989 /* AppDelegate.m in Sources */,
				2874E7DC23506E5600042989 /* main.m in Sources */,
				2874E7CE23506E5500042989 /* SceneDelegate.m in Sources */,
			);
			runOnlyForDeploymentPostprocessing = 0;
		};
/* End PBXSourcesBuildPhase section */

/* Begin PBXVariantGroup section */
		2874E7D223506E5500042989 /* Main.storyboard */ = {
			isa = PBXVariantGroup;
			children = (
				2874E7D323506E5500042989 /* Base */,
			);
			name = Main.storyboard;
			sourceTree = "<group>";
		};
		2874E7D723506E5600042989 /* LaunchScreen.storyboard */ = {
			isa = PBXVariantGroup;
			children = (
				2874E7D823506E5600042989 /* Base */,
			);
			name = LaunchScreen.storyboard;
			sourceTree = "<group>";
		};
/* End PBXVariantGroup section */

/* Begin XCBuildConfiguration section */
		2874E7DD23506E5600042989 /* Debug */ = {
			isa = XCBuildConfiguration;
			buildSettings = {
				ALWAYS_SEARCH_USER_PATHS = NO;
				CLANG_ANALYZER_NONNULL = YES;
				CLANG_ANALYZER_NUMBER_OBJECT_CONVERSION = YES_AGGRESSIVE;
				CLANG_CXX_LANGUAGE_STANDARD = "gnu++14";
				CLANG_CXX_LIBRARY = "libc++";
				CLANG_ENABLE_MODULES = YES;
				CLANG_ENABLE_OBJC_ARC = YES;
				CLANG_ENABLE_OBJC_WEAK = YES;
				CLANG_WARN_BLOCK_CAPTURE_AUTORELEASING = YES;
				CLANG_WARN_BOOL_CONVERSION = YES;
				CLANG_WARN_COMMA = YES;
				CLANG_WARN_CONSTANT_CONVERSION = YES;
				CLANG_WARN_DEPRECATED_OBJC_IMPLEMENTATIONS = YES;
				CLANG_WARN_DIRECT_OBJC_ISA_USAGE = YES_ERROR;
				CLANG_WARN_DOCUMENTATION_COMMENTS = YES;
				CLANG_WARN_EMPTY_BODY = YES;
				CLANG_WARN_ENUM_CONVERSION = YES;
				CLANG_WARN_INFINITE_RECURSION = YES;
				CLANG_WARN_INT_CONVERSION = YES;
				CLANG_WARN_NON_LITERAL_NULL_CONVERSION = YES;
				CLANG_WARN_OBJC_IMPLICIT_RETAIN_SELF = YES;
				CLANG_WARN_OBJC_LITERAL_CONVERSION = YES;
				CLANG_WARN_OBJC_ROOT_CLASS = YES_ERROR;
				CLANG_WARN_RANGE_LOOP_ANALYSIS = YES;
				CLANG_WARN_STRICT_PROTOTYPES = YES;
				CLANG_WARN_SUSPICIOUS_MOVE = YES;
				CLANG_WARN_UNGUARDED_AVAILABILITY = YES_AGGRESSIVE;
				CLANG_WARN_UNREACHABLE_CODE = YES;
				CLANG_WARN__DUPLICATE_METHOD_MATCH = YES;
				COPY_PHASE_STRIP = NO;
				DEBUG_INFORMATION_FORMAT = dwarf;
				ENABLE_STRICT_OBJC_MSGSEND = YES;
				ENABLE_TESTABILITY = YES;
				GCC_C_LANGUAGE_STANDARD = gnu11;
				GCC_DYNAMIC_NO_PIC = NO;
				GCC_NO_COMMON_BLOCKS = YES;
				GCC_OPTIMIZATION_LEVEL = 0;
				GCC_PREPROCESSOR_DEFINITIONS = (
					"DEBUG=1",
					"$(inherited)",
				);
				GCC_WARN_64_TO_32_BIT_CONVERSION = YES;
				GCC_WARN_ABOUT_RETURN_TYPE = YES_ERROR;
				GCC_WARN_UNDECLARED_SELECTOR = YES;
				GCC_WARN_UNINITIALIZED_AUTOS = YES_AGGRESSIVE;
				GCC_WARN_UNUSED_FUNCTION = YES;
				GCC_WARN_UNUSED_VARIABLE = YES;
				IPHONEOS_DEPLOYMENT_TARGET = 13.0;
				MTL_ENABLE_DEBUG_INFO = INCLUDE_SOURCE;
				MTL_FAST_MATH = YES;
				ONLY_ACTIVE_ARCH = YES;
				SDKROOT = iphoneos;
			};
			name = Debug;
		};
		2874E7DE23506E5600042989 /* Release */ = {
			isa = XCBuildConfiguration;
			buildSettings = {
				ALWAYS_SEARCH_USER_PATHS = NO;
				CLANG_ANALYZER_NONNULL = YES;
				CLANG_ANALYZER_NUMBER_OBJECT_CONVERSION = YES_AGGRESSIVE;
				CLANG_CXX_LANGUAGE_STANDARD = "gnu++14";
				CLANG_CXX_LIBRARY = "libc++";
				CLANG_ENABLE_MODULES = YES;
				CLANG_ENABLE_OBJC_ARC = YES;
				CLANG_ENABLE_OBJC_WEAK = YES;
				CLANG_WARN_BLOCK_CAPTURE_AUTORELEASING = YES;
				CLANG_WARN_BOOL_CONVERSION = YES;
				CLANG_WARN_COMMA = YES;
				CLANG_WARN_CONSTANT_CONVERSION = YES;
				CLANG_WARN_DEPRECATED_OBJC_IMPLEMENTATIONS = YES;
				CLANG_WARN_DIRECT_OBJC_ISA_USAGE = YES_ERROR;
				CLANG_WARN_DOCUMENTATION_COMMENTS = YES;
				CLANG_WARN_EMPTY_BODY = YES;
				CLANG_WARN_ENUM_CONVERSION = YES;
				CLANG_WARN_INFINITE_RECURSION = YES;
				CLANG_WARN_INT_CONVERSION = YES;
				CLANG_WARN_NON_LITERAL_NULL_CONVERSION = YES;
				CLANG_WARN_OBJC_IMPLICIT_RETAIN_SELF = YES;
				CLANG_WARN_OBJC_LITERAL_CONVERSION = YES;
				CLANG_WARN_OBJC_ROOT_CLASS = YES_ERROR;
				CLANG_WARN_RANGE_LOOP_ANALYSIS = YES;
				CLANG_WARN_STRICT_PROTOTYPES = YES;
				CLANG_WARN_SUSPICIOUS_MOVE = YES;
				CLANG_WARN_UNGUARDED_AVAILABILITY = YES_AGGRESSIVE;
				CLANG_WARN_UNREACHABLE_CODE = YES;
				CLANG_WARN__DUPLICATE_METHOD_MATCH = YES;
				COPY_PHASE_STRIP = NO;
				DEBUG_INFORMATION_FORMAT = "dwarf-with-dsym";
				ENABLE_NS_ASSERTIONS = NO;
				ENABLE_STRICT_OBJC_MSGSEND = YES;
				GCC_C_LANGUAGE_STANDARD = gnu11;
				GCC_NO_COMMON_BLOCKS = YES;
				GCC_WARN_64_TO_32_BIT_CONVERSION = YES;
				GCC_WARN_ABOUT_RETURN_TYPE = YES_ERROR;
				GCC_WARN_UNDECLARED_SELECTOR = YES;
				GCC_WARN_UNINITIALIZED_AUTOS = YES_AGGRESSIVE;
				GCC_WARN_UNUSED_FUNCTION = YES;
				GCC_WARN_UNUSED_VARIABLE = YES;
				IPHONEOS_DEPLOYMENT_TARGET = 13.0;
				MTL_ENABLE_DEBUG_INFO = NO;
				MTL_FAST_MATH = YES;
				SDKROOT = iphoneos;
				VALIDATE_PRODUCT = YES;
			};
			name = Release;
		};
		2874E7E023506E5600042989 /* Debug */ = {
			isa = XCBuildConfiguration;
			buildSettings = {
				ASSETCATALOG_COMPILER_APPICON_NAME = AppIcon;
				CODE_SIGN_STYLE = Automatic;
				DEVELOPMENT_TEAM = 3284H893FZ;
				INFOPLIST_FILE = view_button_click/Info.plist;
				LD_RUNPATH_SEARCH_PATHS = (
					"$(inherited)",
					"@executable_path/Frameworks",
				);
				PRODUCT_BUNDLE_IDENTIFIER = "dzc.view-button-click";
				PRODUCT_NAME = "$(TARGET_NAME)";
				TARGETED_DEVICE_FAMILY = "1,2";
			};
			name = Debug;
		};
		2874E7E123506E5600042989 /* Release */ = {
			isa = XCBuildConfiguration;
			buildSettings = {
				ASSETCATALOG_COMPILER_APPICON_NAME = AppIcon;
				CODE_SIGN_STYLE = Automatic;
				DEVELOPMENT_TEAM = 3284H893FZ;
				INFOPLIST_FILE = view_button_click/Info.plist;
				LD_RUNPATH_SEARCH_PATHS = (
					"$(inherited)",
					"@executable_path/Frameworks",
				);
				PRODUCT_BUNDLE_IDENTIFIER = "dzc.view-button-click";
				PRODUCT_NAME = "$(TARGET_NAME)";
				TARGETED_DEVICE_FAMILY = "1,2";
			};
			name = Release;
		};
/* End XCBuildConfiguration section */

/* Begin XCConfigurationList section */
		2874E7C123506E5500042989 /* Build configuration list for PBXProject "view_button_click" */ = {
			isa = XCConfigurationList;
			buildConfigurations = (
				2874E7DD23506E5600042989 /* Debug */,
				2874E7DE23506E5600042989 /* Release */,
			);
			defaultConfigurationIsVisible = 0;
			defaultConfigurationName = Release;
		};
		2874E7DF23506E5600042989 /* Build configuration list for PBXNativeTarget "view_button_click" */ = {
			isa = XCConfigurationList;
			buildConfigurations = (
				2874E7E023506E5600042989 /* Debug */,
				2874E7E123506E5600042989 /* Release */,
			);
			defaultConfigurationIsVisible = 0;
			defaultConfigurationName = Release;
		};
/* End XCConfigurationList section */
	};
	rootObject = 2874E7BE23506E5500042989 /* Project object */;
}
